{
  "originHash" : "c7a1fa0619b77ae1e6519a06d44872b4a6decd8182ece1db8f57edb87d91c5bf",
  "pins" : [
    {
      "identity" : "version",
      "kind" : "remoteSourceControl",
      "location" : "https://github.com/mxcl/Version",
      "state" : {
        "revision" : "3043fcd2a50375db76d89ff206a612471833d1c2",
        "version" : "2.2.1"
      }
    }
  ],
  "version" : 3
}
